
Microsoft Visual Studio Solution File, Format Version 12.00
# Visual Studio 15
Project("{FAE04EC0-301F-11D3-BF4B-00C04F79EFBC}") = "Assembly-CSharp-firstpass", "Assembly-CSharp-firstpass.csproj", "{2F03B6F2-B80B-B9F7-3A98-E005AA2F715B}"
EndProject
Project("{FAE04EC0-301F-11D3-BF4B-00C04F79EFBC}") = "Assembly-CSharp", "Assembly-CSharp.csproj", "{700DE4FF-4F42-0CB3-65FB-E78BECF01171}"
EndProject
Project("{FAE04EC0-301F-11D3-BF4B-00C04F79EFBC}") = "Assembly-CSharp-Editor-firstpass", "Assembly-CSharp-Editor-firstpass.csproj", "{0DC09297-67CA-4FB1-CFB7-E3CDBC5E9E0C}"
EndProject
Global
	GlobalSection(SolutionConfigurationPlatforms) = preSolution
		Debug|Any CPU = Debug|Any CPU
		Release|Any CPU = Release|Any CPU
	EndGlobalSection
	GlobalSection(ProjectConfigurationPlatforms) = postSolution
		{2F03B6F2-B80B-B9F7-3A98-E005AA2F715B}.Debug|Any CPU.ActiveCfg = Debug|Any CPU
		{2F03B6F2-B80B-B9F7-3A98-E005AA2F715B}.Debug|Any CPU.Build.0 = Debug|Any CPU
		{2F03B6F2-B80B-B9F7-3A98-E005AA2F715B}.Release|Any CPU.ActiveCfg = Release|Any CPU
		{2F03B6F2-B80B-B9F7-3A98-E005AA2F715B}.Release|Any CPU.Build.0 = Release|Any CPU
		{700DE4FF-4F42-0CB3-65FB-E78BECF01171}.Debug|Any CPU.ActiveCfg = Debug|Any CPU
		{700DE4FF-4F42-0CB3-65FB-E78BECF01171}.Debug|Any CPU.Build.0 = Debug|Any CPU
		{700DE4FF-4F42-0CB3-65FB-E78BECF01171}.Release|Any CPU.ActiveCfg = Release|Any CPU
		{700DE4FF-4F42-0CB3-65FB-E78BECF01171}.Release|Any CPU.Build.0 = Release|Any CPU
		{0DC09297-67CA-4FB1-CFB7-E3CDBC5E9E0C}.Debug|Any CPU.ActiveCfg = Debug|Any CPU
		{0DC09297-67CA-4FB1-CFB7-E3CDBC5E9E0C}.Debug|Any CPU.Build.0 = Debug|Any CPU
		{0DC09297-67CA-4FB1-CFB7-E3CDBC5E9E0C}.Release|Any CPU.ActiveCfg = Release|Any CPU
		{0DC09297-67CA-4FB1-CFB7-E3CDBC5E9E0C}.Release|Any CPU.Build.0 = Release|Any CPU
	EndGlobalSection
	GlobalSection(SolutionProperties) = preSolution
		HideSolutionNode = FALSE
	EndGlobalSection
EndGlobal
